
Microsoft Visual Studio Solution File, Format Version 12.00
# Visual Studio Version 17
VisualStudioVersion = 17.4.33213.308
MinimumVisualStudioVersion = 10.0.40219.1
Project("{FAE04EC0-301F-11D3-BF4B-00C04F79EFBC}") = "AdDeposit.WebApi", "src\AdDeposit.WebApi\AdDeposit.WebApi.csproj", "{2011C129-EDBA-4D31-A554-A104935E9B73}"
EndProject
Project("{FAE04EC0-301F-11D3-BF4B-00C04F79EFBC}") = "AdDeposit.Tests", "test\AdDeposit.Tests\AdDeposit.Tests.csproj", "{7106D90C-90FA-45AA-970C-06268890C1A6}"
EndProject
Project("{FAE04EC0-301F-11D3-BF4B-00C04F79EFBC}") = "AdDeposit.Domain", "src\AdDeposit.Domain\AdDeposit.Domain.csproj", "{FE9A782C-A893-4FD1-B441-EE5E3353F3B3}"
EndProject
Global
	GlobalSection(SolutionConfigurationPlatforms) = preSolution
		Debug|Any CPU = Debug|Any CPU
		Release|Any CPU = Release|Any CPU
	EndGlobalSection
	GlobalSection(ProjectConfigurationPlatforms) = postSolution
		{2011C129-EDBA-4D31-A554-A104935E9B73}.Debug|Any CPU.ActiveCfg = Debug|Any CPU
		{2011C129-EDBA-4D31-A554-A104935E9B73}.Debug|Any CPU.Build.0 = Debug|Any CPU
		{2011C129-EDBA-4D31-A554-A104935E9B73}.Release|Any CPU.ActiveCfg = Release|Any CPU
		{2011C129-EDBA-4D31-A554-A104935E9B73}.Release|Any CPU.Build.0 = Release|Any CPU
		{7106D90C-90FA-45AA-970C-06268890C1A6}.Debug|Any CPU.ActiveCfg = Debug|Any CPU
		{7106D90C-90FA-45AA-970C-06268890C1A6}.Debug|Any CPU.Build.0 = Debug|Any CPU
		{7106D90C-90FA-45AA-970C-06268890C1A6}.Release|Any CPU.ActiveCfg = Release|Any CPU
		{7106D90C-90FA-45AA-970C-06268890C1A6}.Release|Any CPU.Build.0 = Release|Any CPU
		{FE9A782C-A893-4FD1-B441-EE5E3353F3B3}.Debug|Any CPU.ActiveCfg = Debug|Any CPU
		{FE9A782C-A893-4FD1-B441-EE5E3353F3B3}.Debug|Any CPU.Build.0 = Debug|Any CPU
		{FE9A782C-A893-4FD1-B441-EE5E3353F3B3}.Release|Any CPU.ActiveCfg = Release|Any CPU
		{FE9A782C-A893-4FD1-B441-EE5E3353F3B3}.Release|Any CPU.Build.0 = Release|Any CPU
	EndGlobalSection
	GlobalSection(SolutionProperties) = preSolution
		HideSolutionNode = FALSE
	EndGlobalSection
	GlobalSection(ExtensibilityGlobals) = postSolution
		SolutionGuid = {66FEB5EB-F76F-4069-9F11-2F49C621DCC6}
	EndGlobalSection
EndGlobal
